
Microsoft Visual Studio Solution File, Format Version 12.00
# Visual Studio Version 17
VisualStudioVersion = 17.10.35122.118
MinimumVisualStudioVersion = 10.0.40219.1
Project("{FAE04EC0-301F-11D3-BF4B-00C04F79EFBC}") = "Course-16-CSharp-2", "Course-16-CSharp-2\Course-16-CSharp-2.csproj", "{EB2A622E-0F3F-44B9-9C59-4B9A82ED53EC}"
EndProject
Project("{FAE04EC0-301F-11D3-BF4B-00C04F79EFBC}") = "AccessModifiers", "AccessModifiers\AccessModifiers.csproj", "{E87AB6C0-AF9E-415A-A022-39C7B51508EA}"
EndProject
Project("{FAE04EC0-301F-11D3-BF4B-00C04F79EFBC}") = "StaticMembers", "StaticMembers\StaticMembers.csproj", "{7B1F34FB-34D6-451A-92D5-F2F187419157}"
EndProject
Project("{FAE04EC0-301F-11D3-BF4B-00C04F79EFBC}") = "SettersAndGetters", "SettersAndGetters\SettersAndGetters.csproj", "{7215E3D8-BAB0-47CA-8E98-1BA617766CAF}"
EndProject
Project("{FAE04EC0-301F-11D3-BF4B-00C04F79EFBC}") = "StaticClass", "StaticClass\StaticClass.csproj", "{EA02E274-6CAD-4226-8680-A610C9508738}"
EndProject
Project("{FAE04EC0-301F-11D3-BF4B-00C04F79EFBC}") = "CalculatorProject", "CalculatorProject\CalculatorProject.csproj", "{00AAC4CD-D04A-40FC-83F0-71949718E587}"
EndProject
Project("{FAE04EC0-301F-11D3-BF4B-00C04F79EFBC}") = "ConstructorAndDestructor", "ConstructorAndDestructor\ConstructorAndDestructor.csproj", "{34A7FC39-DFFD-4850-BF64-AC8A77400F6B}"
EndProject
Project("{FAE04EC0-301F-11D3-BF4B-00C04F79EFBC}") = "ApplicationOfUsingStaticAndConstructors", "ApplicationOfUsingStaticAndConstructors\ApplicationOfUsingStaticAndConstructors.csproj", "{F9B440EF-22B9-481F-95A9-76837276DB09}"
EndProject
Project("{FAE04EC0-301F-11D3-BF4B-00C04F79EFBC}") = "Inheritance", "Inheritance\Inheritance.csproj", "{E02FACE6-EA6F-4A5A-BE38-A2CF79CCDF17}"
EndProject
Project("{FAE04EC0-301F-11D3-BF4B-00C04F79EFBC}") = "UpcastingAndDowncasting", "UpcastingAndDowncasting\UpcastingAndDowncasting.csproj", "{542C1945-20CD-4823-9B59-331BCE52674D}"
EndProject
Project("{FAE04EC0-301F-11D3-BF4B-00C04F79EFBC}") = "MethodOverriding", "MethodOverriding\MethodOverriding.csproj", "{10E74B7F-AE68-48E5-88A2-AC0B5682A481}"
EndProject
Project("{FAE04EC0-301F-11D3-BF4B-00C04F79EFBC}") = "MethodHiding", "MethodHiding\MethodHiding.csproj", "{3A73B076-80CE-4F26-B9A2-8EED46BD922C}"
EndProject
Project("{FAE04EC0-301F-11D3-BF4B-00C04F79EFBC}") = "MultiLevelInheritance", "MultiLevelInheritance\MultiLevelInheritance.csproj", "{941B1AAC-5734-4634-8654-55FFE43B8F7B}"
EndProject
Project("{FAE04EC0-301F-11D3-BF4B-00C04F79EFBC}") = "Hierarchal Inheritance", "Hierarchal Inheritance\Hierarchal Inheritance.csproj", "{2AACFB52-6F5D-40B0-B8C4-B71A5278A25C}"
EndProject
Project("{FAE04EC0-301F-11D3-BF4B-00C04F79EFBC}") = "AbstractClass", "AbstractClass\AbstractClass.csproj", "{D2C81D8A-BFB5-490E-901B-256D14AAFB33}"
EndProject
Project("{FAE04EC0-301F-11D3-BF4B-00C04F79EFBC}") = "Interface", "Interface\Interface.csproj", "{83771728-DFB1-490F-8995-97CC665F23D0}"
EndProject
Project("{FAE04EC0-301F-11D3-BF4B-00C04F79EFBC}") = "MultipleInterfaces", "MultipleInterfaces\MultipleInterfaces.csproj", "{466F4A3E-1867-46EE-B60F-C310DA239CCA}"
EndProject
Project("{FAE04EC0-301F-11D3-BF4B-00C04F79EFBC}") = "NestedClasses", "NestedClasses\NestedClasses.csproj", "{500C8C6A-0396-4E73-93BE-FCF75C044C48}"
EndProject
Project("{FAE04EC0-301F-11D3-BF4B-00C04F79EFBC}") = "Composition", "Composition\Composition.csproj", "{6A13CD89-B470-4652-9E01-3A8038267FE2}"
EndProject
Project("{FAE04EC0-301F-11D3-BF4B-00C04F79EFBC}") = "PartialClass", "PartialClass\PartialClass.csproj", "{12E30F1D-805C-4D4F-9F7D-C7FAE797750C}"
EndProject
Project("{FAE04EC0-301F-11D3-BF4B-00C04F79EFBC}") = "PartialMethods", "PartialMethods\PartialMethods.csproj", "{68B9E1A5-FB78-4FB2-B2D6-8463BCC05147}"
EndProject
Global
	GlobalSection(SolutionConfigurationPlatforms) = preSolution
		Debug|Any CPU = Debug|Any CPU
		Release|Any CPU = Release|Any CPU
	EndGlobalSection
	GlobalSection(ProjectConfigurationPlatforms) = postSolution
		{EB2A622E-0F3F-44B9-9C59-4B9A82ED53EC}.Debug|Any CPU.ActiveCfg = Debug|Any CPU
		{EB2A622E-0F3F-44B9-9C59-4B9A82ED53EC}.Debug|Any CPU.Build.0 = Debug|Any CPU
		{EB2A622E-0F3F-44B9-9C59-4B9A82ED53EC}.Release|Any CPU.ActiveCfg = Release|Any CPU
		{EB2A622E-0F3F-44B9-9C59-4B9A82ED53EC}.Release|Any CPU.Build.0 = Release|Any CPU
		{E87AB6C0-AF9E-415A-A022-39C7B51508EA}.Debug|Any CPU.ActiveCfg = Debug|Any CPU
		{E87AB6C0-AF9E-415A-A022-39C7B51508EA}.Debug|Any CPU.Build.0 = Debug|Any CPU
		{E87AB6C0-AF9E-415A-A022-39C7B51508EA}.Release|Any CPU.ActiveCfg = Release|Any CPU
		{E87AB6C0-AF9E-415A-A022-39C7B51508EA}.Release|Any CPU.Build.0 = Release|Any CPU
		{7B1F34FB-34D6-451A-92D5-F2F187419157}.Debug|Any CPU.ActiveCfg = Debug|Any CPU
		{7B1F34FB-34D6-451A-92D5-F2F187419157}.Debug|Any CPU.Build.0 = Debug|Any CPU
		{7B1F34FB-34D6-451A-92D5-F2F187419157}.Release|Any CPU.ActiveCfg = Release|Any CPU
		{7B1F34FB-34D6-451A-92D5-F2F187419157}.Release|Any CPU.Build.0 = Release|Any CPU
		{7215E3D8-BAB0-47CA-8E98-1BA617766CAF}.Debug|Any CPU.ActiveCfg = Debug|Any CPU
		{7215E3D8-BAB0-47CA-8E98-1BA617766CAF}.Debug|Any CPU.Build.0 = Debug|Any CPU
		{7215E3D8-BAB0-47CA-8E98-1BA617766CAF}.Release|Any CPU.ActiveCfg = Release|Any CPU
		{7215E3D8-BAB0-47CA-8E98-1BA617766CAF}.Release|Any CPU.Build.0 = Release|Any CPU
		{EA02E274-6CAD-4226-8680-A610C9508738}.Debug|Any CPU.ActiveCfg = Debug|Any CPU
		{EA02E274-6CAD-4226-8680-A610C9508738}.Debug|Any CPU.Build.0 = Debug|Any CPU
		{EA02E274-6CAD-4226-8680-A610C9508738}.Release|Any CPU.ActiveCfg = Release|Any CPU
		{EA02E274-6CAD-4226-8680-A610C9508738}.Release|Any CPU.Build.0 = Release|Any CPU
		{00AAC4CD-D04A-40FC-83F0-71949718E587}.Debug|Any CPU.ActiveCfg = Debug|Any CPU
		{00AAC4CD-D04A-40FC-83F0-71949718E587}.Debug|Any CPU.Build.0 = Debug|Any CPU
		{00AAC4CD-D04A-40FC-83F0-71949718E587}.Release|Any CPU.ActiveCfg = Release|Any CPU
		{00AAC4CD-D04A-40FC-83F0-71949718E587}.Release|Any CPU.Build.0 = Release|Any CPU
		{34A7FC39-DFFD-4850-BF64-AC8A77400F6B}.Debug|Any CPU.ActiveCfg = Debug|Any CPU
		{34A7FC39-DFFD-4850-BF64-AC8A77400F6B}.Debug|Any CPU.Build.0 = Debug|Any CPU
		{34A7FC39-DFFD-4850-BF64-AC8A77400F6B}.Release|Any CPU.ActiveCfg = Release|Any CPU
		{34A7FC39-DFFD-4850-BF64-AC8A77400F6B}.Release|Any CPU.Build.0 = Release|Any CPU
		{F9B440EF-22B9-481F-95A9-76837276DB09}.Debug|Any CPU.ActiveCfg = Debug|Any CPU
		{F9B440EF-22B9-481F-95A9-76837276DB09}.Debug|Any CPU.Build.0 = Debug|Any CPU
		{F9B440EF-22B9-481F-95A9-76837276DB09}.Release|Any CPU.ActiveCfg = Release|Any CPU
		{F9B440EF-22B9-481F-95A9-76837276DB09}.Release|Any CPU.Build.0 = Release|Any CPU
		{E02FACE6-EA6F-4A5A-BE38-A2CF79CCDF17}.Debug|Any CPU.ActiveCfg = Debug|Any CPU
		{E02FACE6-EA6F-4A5A-BE38-A2CF79CCDF17}.Debug|Any CPU.Build.0 = Debug|Any CPU
		{E02FACE6-EA6F-4A5A-BE38-A2CF79CCDF17}.Release|Any CPU.ActiveCfg = Release|Any CPU
		{E02FACE6-EA6F-4A5A-BE38-A2CF79CCDF17}.Release|Any CPU.Build.0 = Release|Any CPU
		{542C1945-20CD-4823-9B59-331BCE52674D}.Debug|Any CPU.ActiveCfg = Debug|Any CPU
		{542C1945-20CD-4823-9B59-331BCE52674D}.Debug|Any CPU.Build.0 = Debug|Any CPU
		{542C1945-20CD-4823-9B59-331BCE52674D}.Release|Any CPU.ActiveCfg = Release|Any CPU
		{542C1945-20CD-4823-9B59-331BCE52674D}.Release|Any CPU.Build.0 = Release|Any CPU
		{10E74B7F-AE68-48E5-88A2-AC0B5682A481}.Debug|Any CPU.ActiveCfg = Debug|Any CPU
		{10E74B7F-AE68-48E5-88A2-AC0B5682A481}.Debug|Any CPU.Build.0 = Debug|Any CPU
		{10E74B7F-AE68-48E5-88A2-AC0B5682A481}.Release|Any CPU.ActiveCfg = Release|Any CPU
		{10E74B7F-AE68-48E5-88A2-AC0B5682A481}.Release|Any CPU.Build.0 = Release|Any CPU
		{3A73B076-80CE-4F26-B9A2-8EED46BD922C}.Debug|Any CPU.ActiveCfg = Debug|Any CPU
		{3A73B076-80CE-4F26-B9A2-8EED46BD922C}.Debug|Any CPU.Build.0 = Debug|Any CPU
		{3A73B076-80CE-4F26-B9A2-8EED46BD922C}.Release|Any CPU.ActiveCfg = Release|Any CPU
		{3A73B076-80CE-4F26-B9A2-8EED46BD922C}.Release|Any CPU.Build.0 = Release|Any CPU
		{941B1AAC-5734-4634-8654-55FFE43B8F7B}.Debug|Any CPU.ActiveCfg = Debug|Any CPU
		{941B1AAC-5734-4634-8654-55FFE43B8F7B}.Debug|Any CPU.Build.0 = Debug|Any CPU
		{941B1AAC-5734-4634-8654-55FFE43B8F7B}.Release|Any CPU.ActiveCfg = Release|Any CPU
		{941B1AAC-5734-4634-8654-55FFE43B8F7B}.Release|Any CPU.Build.0 = Release|Any CPU
		{2AACFB52-6F5D-40B0-B8C4-B71A5278A25C}.Debug|Any CPU.ActiveCfg = Debug|Any CPU
		{2AACFB52-6F5D-40B0-B8C4-B71A5278A25C}.Debug|Any CPU.Build.0 = Debug|Any CPU
		{2AACFB52-6F5D-40B0-B8C4-B71A5278A25C}.Release|Any CPU.ActiveCfg = Release|Any CPU
		{2AACFB52-6F5D-40B0-B8C4-B71A5278A25C}.Release|Any CPU.Build.0 = Release|Any CPU
		{D2C81D8A-BFB5-490E-901B-256D14AAFB33}.Debug|Any CPU.ActiveCfg = Debug|Any CPU
		{D2C81D8A-BFB5-490E-901B-256D14AAFB33}.Debug|Any CPU.Build.0 = Debug|Any CPU
		{D2C81D8A-BFB5-490E-901B-256D14AAFB33}.Release|Any CPU.ActiveCfg = Release|Any CPU
		{D2C81D8A-BFB5-490E-901B-256D14AAFB33}.Release|Any CPU.Build.0 = Release|Any CPU
		{83771728-DFB1-490F-8995-97CC665F23D0}.Debug|Any CPU.ActiveCfg = Debug|Any CPU
		{83771728-DFB1-490F-8995-97CC665F23D0}.Debug|Any CPU.Build.0 = Debug|Any CPU
		{83771728-DFB1-490F-8995-97CC665F23D0}.Release|Any CPU.ActiveCfg = Release|Any CPU
		{83771728-DFB1-490F-8995-97CC665F23D0}.Release|Any CPU.Build.0 = Release|Any CPU
		{466F4A3E-1867-46EE-B60F-C310DA239CCA}.Debug|Any CPU.ActiveCfg = Debug|Any CPU
		{466F4A3E-1867-46EE-B60F-C310DA239CCA}.Debug|Any CPU.Build.0 = Debug|Any CPU
		{466F4A3E-1867-46EE-B60F-C310DA239CCA}.Release|Any CPU.ActiveCfg = Release|Any CPU
		{466F4A3E-1867-46EE-B60F-C310DA239CCA}.Release|Any CPU.Build.0 = Release|Any CPU
		{500C8C6A-0396-4E73-93BE-FCF75C044C48}.Debug|Any CPU.ActiveCfg = Debug|Any CPU
		{500C8C6A-0396-4E73-93BE-FCF75C044C48}.Debug|Any CPU.Build.0 = Debug|Any CPU
		{500C8C6A-0396-4E73-93BE-FCF75C044C48}.Release|Any CPU.ActiveCfg = Release|Any CPU
		{500C8C6A-0396-4E73-93BE-FCF75C044C48}.Release|Any CPU.Build.0 = Release|Any CPU
		{6A13CD89-B470-4652-9E01-3A8038267FE2}.Debug|Any CPU.ActiveCfg = Debug|Any CPU
		{6A13CD89-B470-4652-9E01-3A8038267FE2}.Debug|Any CPU.Build.0 = Debug|Any CPU
		{6A13CD89-B470-4652-9E01-3A8038267FE2}.Release|Any CPU.ActiveCfg = Release|Any CPU
		{6A13CD89-B470-4652-9E01-3A8038267FE2}.Release|Any CPU.Build.0 = Release|Any CPU
		{12E30F1D-805C-4D4F-9F7D-C7FAE797750C}.Debug|Any CPU.ActiveCfg = Debug|Any CPU
		{12E30F1D-805C-4D4F-9F7D-C7FAE797750C}.Debug|Any CPU.Build.0 = Debug|Any CPU
		{12E30F1D-805C-4D4F-9F7D-C7FAE797750C}.Release|Any CPU.ActiveCfg = Release|Any CPU
		{12E30F1D-805C-4D4F-9F7D-C7FAE797750C}.Release|Any CPU.Build.0 = Release|Any CPU
		{68B9E1A5-FB78-4FB2-B2D6-8463BCC05147}.Debug|Any CPU.ActiveCfg = Debug|Any CPU
		{68B9E1A5-FB78-4FB2-B2D6-8463BCC05147}.Debug|Any CPU.Build.0 = Debug|Any CPU
		{68B9E1A5-FB78-4FB2-B2D6-8463BCC05147}.Release|Any CPU.ActiveCfg = Release|Any CPU
		{68B9E1A5-FB78-4FB2-B2D6-8463BCC05147}.Release|Any CPU.Build.0 = Release|Any CPU
	EndGlobalSection
	GlobalSection(SolutionProperties) = preSolution
		HideSolutionNode = FALSE
	EndGlobalSection
	GlobalSection(ExtensibilityGlobals) = postSolution
		SolutionGuid = {4C703CAC-4392-46F5-8831-0069B1AA734B}
	EndGlobalSection
EndGlobal
